
Microsoft Visual Studio Solution File, Format Version 11.00
# Visual Studio 2010
Project("{2150E333-8FDC-42A3-9474-1A3956D46DE8}") = "Solution Items", "Solution Items", "{309F2994-F1A4-452F-93C9-7E1CF78F30FA}"
	ProjectSection(SolutionItems) = preProject
		SetupBanner.jpg = SetupBanner.jpg
		TODO.txt = TODO.txt
	EndProjectSection
EndProject
Project("{FAE04EC0-301F-11D3-BF4B-00C04F79EFBC}") = "softGetawayClient", "SoftGetaway.Client\softGetawayClient.csproj", "{F88A9FF2-101B-467D-9E59-AB8C2A769C38}"
EndProject
Project("{FAE04EC0-301F-11D3-BF4B-00C04F79EFBC}") = "softGetaway.ICS", "SoftGetaway.ICS\softGetaway.ICS.csproj", "{002ADBFD-5268-4562-810D-0625267A5673}"
EndProject
Project("{FAE04EC0-301F-11D3-BF4B-00C04F79EFBC}") = "softGetaway.WiFi", "SoftGetaway.Wlan\softGetaway.WiFi.csproj", "{056E8589-4E53-45CE-B682-6266886B718A}"
EndProject
Project("{FAE04EC0-301F-11D3-BF4B-00C04F79EFBC}") = "softGetawayService", "SoftGetaway.Service\softGetawayService.csproj", "{6F665880-EA25-4386-AEB9-6583D301FDD6}"
EndProject
Project("{FAE04EC0-301F-11D3-BF4B-00C04F79EFBC}") = "softGetawayHost", "SoftGetaway.Host\softGetawayHost.csproj", "{0C73FB89-0205-4F1A-9CA9-2DD0C5FB3A55}"
EndProject
Project("{FAE04EC0-301F-11D3-BF4B-00C04F79EFBC}") = "softGetawayHostConsole", "SoftGetaway.HostConsole\softGetawayHostConsole.csproj", "{EAC211E3-988C-4907-8F33-87B7A0354E6A}"
EndProject
Project("{54435603-DBB4-11D2-8724-00A0C9A8B90C}") = "softGetawayInstaller", "SoftGetaway.Installer\SoftGetaway.Installer.vdproj", "{445CCB9F-1C2E-410D-8618-3B55EE28E362}"
EndProject
Project("{FAE04EC0-301F-11D3-BF4B-00C04F79EFBC}") = "WinDHCP", "WinDHCP\WinDHCP.csproj", "{795547E6-8681-4087-8F93-4FB4AFEA2174}"
EndProject
Project("{FAE04EC0-301F-11D3-BF4B-00C04F79EFBC}") = "WinDHCPTestClient", "WinDHCP\WinDHCPTestClient\WinDHCPTestClient.csproj", "{7F63490B-66A3-4CC9-B91C-C2A9E67EB062}"
EndProject
Project("{2150E333-8FDC-42A3-9474-1A3956D46DE8}") = "dhcp", "dhcp", "{6C9CEA05-265A-4410-AC69-48E5FE773606}"
EndProject
Project("{FAE04EC0-301F-11D3-BF4B-00C04F79EFBC}") = "WinDHCPLib", "WinDHCP\WinDHCPLib\WinDHCPLib.csproj", "{92D7F13D-2134-489E-BC6A-3896FEEFC927}"
EndProject
Project("{FAE04EC0-301F-11D3-BF4B-00C04F79EFBC}") = "WinDHCPSrv", "WinDHCP\WinDHCPSrv\WinDHCPSrv.csproj", "{0D81F5A9-41A8-4834-913D-580C0677987D}"
EndProject
Project("{2150E333-8FDC-42A3-9474-1A3956D46DE8}") = ".nuget", ".nuget", "{800A97FE-48A2-40DA-AF4F-42F1539B61CF}"
EndProject
Global
	GlobalSection(SolutionConfigurationPlatforms) = preSolution
		ClientDebug|Any CPU = ClientDebug|Any CPU
		ClientDebug|Mixed Platforms = ClientDebug|Mixed Platforms
		ClientDebug|Win32 = ClientDebug|Win32
		ClientDebug|x86 = ClientDebug|x86
		Debug|Any CPU = Debug|Any CPU
		Debug|Mixed Platforms = Debug|Mixed Platforms
		Debug|Win32 = Debug|Win32
		Debug|x86 = Debug|x86
		Release|Any CPU = Release|Any CPU
		Release|Mixed Platforms = Release|Mixed Platforms
		Release|Win32 = Release|Win32
		Release|x86 = Release|x86
	EndGlobalSection
	GlobalSection(ProjectConfigurationPlatforms) = postSolution
		{F88A9FF2-101B-467D-9E59-AB8C2A769C38}.ClientDebug|Any CPU.ActiveCfg = ClientDebug|Any CPU
		{F88A9FF2-101B-467D-9E59-AB8C2A769C38}.ClientDebug|Any CPU.Build.0 = ClientDebug|Any CPU
		{F88A9FF2-101B-467D-9E59-AB8C2A769C38}.ClientDebug|Mixed Platforms.ActiveCfg = ClientDebug|x86
		{F88A9FF2-101B-467D-9E59-AB8C2A769C38}.ClientDebug|Mixed Platforms.Build.0 = ClientDebug|x86
		{F88A9FF2-101B-467D-9E59-AB8C2A769C38}.ClientDebug|Win32.ActiveCfg = ClientDebug|x86
		{F88A9FF2-101B-467D-9E59-AB8C2A769C38}.ClientDebug|x86.ActiveCfg = ClientDebug|x86
		{F88A9FF2-101B-467D-9E59-AB8C2A769C38}.ClientDebug|x86.Build.0 = ClientDebug|x86
		{F88A9FF2-101B-467D-9E59-AB8C2A769C38}.Debug|Any CPU.ActiveCfg = Debug|Any CPU
		{F88A9FF2-101B-467D-9E59-AB8C2A769C38}.Debug|Any CPU.Build.0 = Debug|Any CPU
		{F88A9FF2-101B-467D-9E59-AB8C2A769C38}.Debug|Mixed Platforms.ActiveCfg = Debug|x86
		{F88A9FF2-101B-467D-9E59-AB8C2A769C38}.Debug|Mixed Platforms.Build.0 = Debug|x86
		{F88A9FF2-101B-467D-9E59-AB8C2A769C38}.Debug|Win32.ActiveCfg = Debug|x86
		{F88A9FF2-101B-467D-9E59-AB8C2A769C38}.Debug|x86.ActiveCfg = Debug|x86
		{F88A9FF2-101B-467D-9E59-AB8C2A769C38}.Debug|x86.Build.0 = Debug|x86
		{F88A9FF2-101B-467D-9E59-AB8C2A769C38}.Release|Any CPU.ActiveCfg = Release|Any CPU
		{F88A9FF2-101B-467D-9E59-AB8C2A769C38}.Release|Any CPU.Build.0 = Release|Any CPU
		{F88A9FF2-101B-467D-9E59-AB8C2A769C38}.Release|Mixed Platforms.ActiveCfg = Release|x86
		{F88A9FF2-101B-467D-9E59-AB8C2A769C38}.Release|Mixed Platforms.Build.0 = Release|x86
		{F88A9FF2-101B-467D-9E59-AB8C2A769C38}.Release|Win32.ActiveCfg = Release|x86
		{F88A9FF2-101B-467D-9E59-AB8C2A769C38}.Release|x86.ActiveCfg = Release|x86
		{F88A9FF2-101B-467D-9E59-AB8C2A769C38}.Release|x86.Build.0 = Release|x86
		{002ADBFD-5268-4562-810D-0625267A5673}.ClientDebug|Any CPU.ActiveCfg = ClientDebug|Any CPU
		{002ADBFD-5268-4562-810D-0625267A5673}.ClientDebug|Mixed Platforms.ActiveCfg = ClientDebug|x86
		{002ADBFD-5268-4562-810D-0625267A5673}.ClientDebug|Mixed Platforms.Build.0 = ClientDebug|x86
		{002ADBFD-5268-4562-810D-0625267A5673}.ClientDebug|Win32.ActiveCfg = ClientDebug|x86
		{002ADBFD-5268-4562-810D-0625267A5673}.ClientDebug|x86.ActiveCfg = ClientDebug|x86
		{002ADBFD-5268-4562-810D-0625267A5673}.ClientDebug|x86.Build.0 = ClientDebug|x86
		{002ADBFD-5268-4562-810D-0625267A5673}.Debug|Any CPU.ActiveCfg = Debug|Any CPU
		{002ADBFD-5268-4562-810D-0625267A5673}.Debug|Any CPU.Build.0 = Debug|Any CPU
		{002ADBFD-5268-4562-810D-0625267A5673}.Debug|Mixed Platforms.ActiveCfg = Debug|x86
		{002ADBFD-5268-4562-810D-0625267A5673}.Debug|Mixed Platforms.Build.0 = Debug|x86
		{002ADBFD-5268-4562-810D-0625267A5673}.Debug|Win32.ActiveCfg = Debug|x86
		{002ADBFD-5268-4562-810D-0625267A5673}.Debug|x86.ActiveCfg = Debug|x86
		{002ADBFD-5268-4562-810D-0625267A5673}.Debug|x86.Build.0 = Debug|x86
		{002ADBFD-5268-4562-810D-0625267A5673}.Release|Any CPU.ActiveCfg = Release|Any CPU
		{002ADBFD-5268-4562-810D-0625267A5673}.Release|Any CPU.Build.0 = Release|Any CPU
		{002ADBFD-5268-4562-810D-0625267A5673}.Release|Mixed Platforms.ActiveCfg = Release|x86
		{002ADBFD-5268-4562-810D-0625267A5673}.Release|Mixed Platforms.Build.0 = Release|x86
		{002ADBFD-5268-4562-810D-0625267A5673}.Release|Win32.ActiveCfg = Release|x86
		{002ADBFD-5268-4562-810D-0625267A5673}.Release|x86.ActiveCfg = Release|x86
		{002ADBFD-5268-4562-810D-0625267A5673}.Release|x86.Build.0 = Release|x86
		{056E8589-4E53-45CE-B682-6266886B718A}.ClientDebug|Any CPU.ActiveCfg = ClientDebug|Any CPU
		{056E8589-4E53-45CE-B682-6266886B718A}.ClientDebug|Mixed Platforms.ActiveCfg = ClientDebug|x86
		{056E8589-4E53-45CE-B682-6266886B718A}.ClientDebug|Mixed Platforms.Build.0 = ClientDebug|x86
		{056E8589-4E53-45CE-B682-6266886B718A}.ClientDebug|Win32.ActiveCfg = ClientDebug|x86
		{056E8589-4E53-45CE-B682-6266886B718A}.ClientDebug|x86.ActiveCfg = ClientDebug|x86
		{056E8589-4E53-45CE-B682-6266886B718A}.ClientDebug|x86.Build.0 = ClientDebug|x86
		{056E8589-4E53-45CE-B682-6266886B718A}.Debug|Any CPU.ActiveCfg = Debug|Any CPU
		{056E8589-4E53-45CE-B682-6266886B718A}.Debug|Any CPU.Build.0 = Debug|Any CPU
		{056E8589-4E53-45CE-B682-6266886B718A}.Debug|Mixed Platforms.ActiveCfg = Debug|x86
		{056E8589-4E53-45CE-B682-6266886B718A}.Debug|Mixed Platforms.Build.0 = Debug|x86
		{056E8589-4E53-45CE-B682-6266886B718A}.Debug|Win32.ActiveCfg = Debug|x86
		{056E8589-4E53-45CE-B682-6266886B718A}.Debug|x86.ActiveCfg = Debug|x86
		{056E8589-4E53-45CE-B682-6266886B718A}.Debug|x86.Build.0 = Debug|x86
		{056E8589-4E53-45CE-B682-6266886B718A}.Release|Any CPU.ActiveCfg = Release|Any CPU
		{056E8589-4E53-45CE-B682-6266886B718A}.Release|Any CPU.Build.0 = Release|Any CPU
		{056E8589-4E53-45CE-B682-6266886B718A}.Release|Mixed Platforms.ActiveCfg = Release|x86
		{056E8589-4E53-45CE-B682-6266886B718A}.Release|Mixed Platforms.Build.0 = Release|x86
		{056E8589-4E53-45CE-B682-6266886B718A}.Release|Win32.ActiveCfg = Release|x86
		{056E8589-4E53-45CE-B682-6266886B718A}.Release|x86.ActiveCfg = Release|x86
		{056E8589-4E53-45CE-B682-6266886B718A}.Release|x86.Build.0 = Release|x86
		{6F665880-EA25-4386-AEB9-6583D301FDD6}.ClientDebug|Any CPU.ActiveCfg = ClientDebug|Any CPU
		{6F665880-EA25-4386-AEB9-6583D301FDD6}.ClientDebug|Mixed Platforms.ActiveCfg = ClientDebug|x86
		{6F665880-EA25-4386-AEB9-6583D301FDD6}.ClientDebug|Mixed Platforms.Build.0 = ClientDebug|x86
		{6F665880-EA25-4386-AEB9-6583D301FDD6}.ClientDebug|Win32.ActiveCfg = ClientDebug|x86
		{6F665880-EA25-4386-AEB9-6583D301FDD6}.ClientDebug|x86.ActiveCfg = ClientDebug|x86
		{6F665880-EA25-4386-AEB9-6583D301FDD6}.ClientDebug|x86.Build.0 = ClientDebug|x86
		{6F665880-EA25-4386-AEB9-6583D301FDD6}.Debug|Any CPU.ActiveCfg = Debug|Any CPU
		{6F665880-EA25-4386-AEB9-6583D301FDD6}.Debug|Any CPU.Build.0 = Debug|Any CPU
		{6F665880-EA25-4386-AEB9-6583D301FDD6}.Debug|Mixed Platforms.ActiveCfg = Debug|x86
		{6F665880-EA25-4386-AEB9-6583D301FDD6}.Debug|Mixed Platforms.Build.0 = Debug|x86
		{6F665880-EA25-4386-AEB9-6583D301FDD6}.Debug|Win32.ActiveCfg = Debug|x86
		{6F665880-EA25-4386-AEB9-6583D301FDD6}.Debug|x86.ActiveCfg = Debug|x86
		{6F665880-EA25-4386-AEB9-6583D301FDD6}.Debug|x86.Build.0 = Debug|x86
		{6F665880-EA25-4386-AEB9-6583D301FDD6}.Release|Any CPU.ActiveCfg = Release|Any CPU
		{6F665880-EA25-4386-AEB9-6583D301FDD6}.Release|Any CPU.Build.0 = Release|Any CPU
		{6F665880-EA25-4386-AEB9-6583D301FDD6}.Release|Mixed Platforms.ActiveCfg = Release|x86
		{6F665880-EA25-4386-AEB9-6583D301FDD6}.Release|Mixed Platforms.Build.0 = Release|x86
		{6F665880-EA25-4386-AEB9-6583D301FDD6}.Release|Win32.ActiveCfg = Release|x86
		{6F665880-EA25-4386-AEB9-6583D301FDD6}.Release|x86.ActiveCfg = Release|x86
		{6F665880-EA25-4386-AEB9-6583D301FDD6}.Release|x86.Build.0 = Release|x86
		{0C73FB89-0205-4F1A-9CA9-2DD0C5FB3A55}.ClientDebug|Any CPU.ActiveCfg = ClientDebug|Any CPU
		{0C73FB89-0205-4F1A-9CA9-2DD0C5FB3A55}.ClientDebug|Mixed Platforms.ActiveCfg = ClientDebug|x86
		{0C73FB89-0205-4F1A-9CA9-2DD0C5FB3A55}.ClientDebug|Mixed Platforms.Build.0 = ClientDebug|x86
		{0C73FB89-0205-4F1A-9CA9-2DD0C5FB3A55}.ClientDebug|Win32.ActiveCfg = ClientDebug|x86
		{0C73FB89-0205-4F1A-9CA9-2DD0C5FB3A55}.ClientDebug|x86.ActiveCfg = ClientDebug|x86
		{0C73FB89-0205-4F1A-9CA9-2DD0C5FB3A55}.ClientDebug|x86.Build.0 = ClientDebug|x86
		{0C73FB89-0205-4F1A-9CA9-2DD0C5FB3A55}.Debug|Any CPU.ActiveCfg = Debug|Any CPU
		{0C73FB89-0205-4F1A-9CA9-2DD0C5FB3A55}.Debug|Any CPU.Build.0 = Debug|Any CPU
		{0C73FB89-0205-4F1A-9CA9-2DD0C5FB3A55}.Debug|Mixed Platforms.ActiveCfg = Debug|x86
		{0C73FB89-0205-4F1A-9CA9-2DD0C5FB3A55}.Debug|Mixed Platforms.Build.0 = Debug|x86
		{0C73FB89-0205-4F1A-9CA9-2DD0C5FB3A55}.Debug|Win32.ActiveCfg = Debug|x86
		{0C73FB89-0205-4F1A-9CA9-2DD0C5FB3A55}.Debug|x86.ActiveCfg = Debug|x86
		{0C73FB89-0205-4F1A-9CA9-2DD0C5FB3A55}.Debug|x86.Build.0 = Debug|x86
		{0C73FB89-0205-4F1A-9CA9-2DD0C5FB3A55}.Release|Any CPU.ActiveCfg = Release|Any CPU
		{0C73FB89-0205-4F1A-9CA9-2DD0C5FB3A55}.Release|Any CPU.Build.0 = Release|Any CPU
		{0C73FB89-0205-4F1A-9CA9-2DD0C5FB3A55}.Release|Mixed Platforms.ActiveCfg = Release|x86
		{0C73FB89-0205-4F1A-9CA9-2DD0C5FB3A55}.Release|Mixed Platforms.Build.0 = Release|x86
		{0C73FB89-0205-4F1A-9CA9-2DD0C5FB3A55}.Release|Win32.ActiveCfg = Release|x86
		{0C73FB89-0205-4F1A-9CA9-2DD0C5FB3A55}.Release|x86.ActiveCfg = Release|x86
		{0C73FB89-0205-4F1A-9CA9-2DD0C5FB3A55}.Release|x86.Build.0 = Release|x86
		{EAC211E3-988C-4907-8F33-87B7A0354E6A}.ClientDebug|Any CPU.ActiveCfg = ClientDebug|Any CPU
		{EAC211E3-988C-4907-8F33-87B7A0354E6A}.ClientDebug|Mixed Platforms.ActiveCfg = ClientDebug|x86
		{EAC211E3-988C-4907-8F33-87B7A0354E6A}.ClientDebug|Mixed Platforms.Build.0 = ClientDebug|x86
		{EAC211E3-988C-4907-8F33-87B7A0354E6A}.ClientDebug|Win32.ActiveCfg = ClientDebug|x86
		{EAC211E3-988C-4907-8F33-87B7A0354E6A}.ClientDebug|x86.ActiveCfg = ClientDebug|x86
		{EAC211E3-988C-4907-8F33-87B7A0354E6A}.ClientDebug|x86.Build.0 = ClientDebug|x86
		{EAC211E3-988C-4907-8F33-87B7A0354E6A}.Debug|Any CPU.ActiveCfg = Debug|Any CPU
		{EAC211E3-988C-4907-8F33-87B7A0354E6A}.Debug|Any CPU.Build.0 = Debug|Any CPU
		{EAC211E3-988C-4907-8F33-87B7A0354E6A}.Debug|Mixed Platforms.ActiveCfg = Debug|x86
		{EAC211E3-988C-4907-8F33-87B7A0354E6A}.Debug|Mixed Platforms.Build.0 = Debug|x86
		{EAC211E3-988C-4907-8F33-87B7A0354E6A}.Debug|Win32.ActiveCfg = Debug|x86
		{EAC211E3-988C-4907-8F33-87B7A0354E6A}.Debug|x86.ActiveCfg = Debug|x86
		{EAC211E3-988C-4907-8F33-87B7A0354E6A}.Debug|x86.Build.0 = Debug|x86
		{EAC211E3-988C-4907-8F33-87B7A0354E6A}.Release|Any CPU.ActiveCfg = Release|Any CPU
		{EAC211E3-988C-4907-8F33-87B7A0354E6A}.Release|Any CPU.Build.0 = Release|Any CPU
		{EAC211E3-988C-4907-8F33-87B7A0354E6A}.Release|Mixed Platforms.ActiveCfg = Release|x86
		{EAC211E3-988C-4907-8F33-87B7A0354E6A}.Release|Mixed Platforms.Build.0 = Release|x86
		{EAC211E3-988C-4907-8F33-87B7A0354E6A}.Release|Win32.ActiveCfg = Release|x86
		{EAC211E3-988C-4907-8F33-87B7A0354E6A}.Release|x86.ActiveCfg = Release|x86
		{EAC211E3-988C-4907-8F33-87B7A0354E6A}.Release|x86.Build.0 = Release|x86
		{445CCB9F-1C2E-410D-8618-3B55EE28E362}.ClientDebug|Any CPU.ActiveCfg = Debug
		{445CCB9F-1C2E-410D-8618-3B55EE28E362}.ClientDebug|Mixed Platforms.ActiveCfg = Debug
		{445CCB9F-1C2E-410D-8618-3B55EE28E362}.ClientDebug|Mixed Platforms.Build.0 = Debug
		{445CCB9F-1C2E-410D-8618-3B55EE28E362}.ClientDebug|Win32.ActiveCfg = Debug
		{445CCB9F-1C2E-410D-8618-3B55EE28E362}.ClientDebug|Win32.Build.0 = Debug
		{445CCB9F-1C2E-410D-8618-3B55EE28E362}.ClientDebug|x86.ActiveCfg = Debug
		{445CCB9F-1C2E-410D-8618-3B55EE28E362}.ClientDebug|x86.Build.0 = Debug
		{445CCB9F-1C2E-410D-8618-3B55EE28E362}.Debug|Any CPU.ActiveCfg = Debug
		{445CCB9F-1C2E-410D-8618-3B55EE28E362}.Debug|Mixed Platforms.ActiveCfg = Debug
		{445CCB9F-1C2E-410D-8618-3B55EE28E362}.Debug|Win32.ActiveCfg = Debug
		{445CCB9F-1C2E-410D-8618-3B55EE28E362}.Debug|Win32.Build.0 = Debug
		{445CCB9F-1C2E-410D-8618-3B55EE28E362}.Debug|x86.ActiveCfg = Debug
		{445CCB9F-1C2E-410D-8618-3B55EE28E362}.Debug|x86.Build.0 = Debug
		{445CCB9F-1C2E-410D-8618-3B55EE28E362}.Release|Any CPU.ActiveCfg = Release
		{445CCB9F-1C2E-410D-8618-3B55EE28E362}.Release|Mixed Platforms.ActiveCfg = Release
		{445CCB9F-1C2E-410D-8618-3B55EE28E362}.Release|Win32.ActiveCfg = Release
		{445CCB9F-1C2E-410D-8618-3B55EE28E362}.Release|Win32.Build.0 = Release
		{445CCB9F-1C2E-410D-8618-3B55EE28E362}.Release|x86.ActiveCfg = Release
		{445CCB9F-1C2E-410D-8618-3B55EE28E362}.Release|x86.Build.0 = Release
		{795547E6-8681-4087-8F93-4FB4AFEA2174}.ClientDebug|Any CPU.ActiveCfg = Debug|Any CPU
		{795547E6-8681-4087-8F93-4FB4AFEA2174}.ClientDebug|Any CPU.Build.0 = Debug|Any CPU
		{795547E6-8681-4087-8F93-4FB4AFEA2174}.ClientDebug|Mixed Platforms.ActiveCfg = Debug|Any CPU
		{795547E6-8681-4087-8F93-4FB4AFEA2174}.ClientDebug|Mixed Platforms.Build.0 = Debug|Any CPU
		{795547E6-8681-4087-8F93-4FB4AFEA2174}.ClientDebug|Win32.ActiveCfg = Debug|Any CPU
		{795547E6-8681-4087-8F93-4FB4AFEA2174}.ClientDebug|x86.ActiveCfg = Debug|Any CPU
		{795547E6-8681-4087-8F93-4FB4AFEA2174}.Debug|Any CPU.ActiveCfg = Debug|Any CPU
		{795547E6-8681-4087-8F93-4FB4AFEA2174}.Debug|Any CPU.Build.0 = Debug|Any CPU
		{795547E6-8681-4087-8F93-4FB4AFEA2174}.Debug|Mixed Platforms.ActiveCfg = Debug|Any CPU
		{795547E6-8681-4087-8F93-4FB4AFEA2174}.Debug|Mixed Platforms.Build.0 = Debug|Any CPU
		{795547E6-8681-4087-8F93-4FB4AFEA2174}.Debug|Win32.ActiveCfg = Debug|Any CPU
		{795547E6-8681-4087-8F93-4FB4AFEA2174}.Debug|x86.ActiveCfg = Debug|Any CPU
		{795547E6-8681-4087-8F93-4FB4AFEA2174}.Release|Any CPU.ActiveCfg = Release|Any CPU
		{795547E6-8681-4087-8F93-4FB4AFEA2174}.Release|Any CPU.Build.0 = Release|Any CPU
		{795547E6-8681-4087-8F93-4FB4AFEA2174}.Release|Mixed Platforms.ActiveCfg = Release|Any CPU
		{795547E6-8681-4087-8F93-4FB4AFEA2174}.Release|Mixed Platforms.Build.0 = Release|Any CPU
		{795547E6-8681-4087-8F93-4FB4AFEA2174}.Release|Win32.ActiveCfg = Release|Any CPU
		{795547E6-8681-4087-8F93-4FB4AFEA2174}.Release|x86.ActiveCfg = Release|Any CPU
		{7F63490B-66A3-4CC9-B91C-C2A9E67EB062}.ClientDebug|Any CPU.ActiveCfg = Debug|Any CPU
		{7F63490B-66A3-4CC9-B91C-C2A9E67EB062}.ClientDebug|Any CPU.Build.0 = Debug|Any CPU
		{7F63490B-66A3-4CC9-B91C-C2A9E67EB062}.ClientDebug|Mixed Platforms.ActiveCfg = Debug|Any CPU
		{7F63490B-66A3-4CC9-B91C-C2A9E67EB062}.ClientDebug|Mixed Platforms.Build.0 = Debug|Any CPU
		{7F63490B-66A3-4CC9-B91C-C2A9E67EB062}.ClientDebug|Win32.ActiveCfg = Debug|Any CPU
		{7F63490B-66A3-4CC9-B91C-C2A9E67EB062}.ClientDebug|x86.ActiveCfg = Debug|Any CPU
		{7F63490B-66A3-4CC9-B91C-C2A9E67EB062}.Debug|Any CPU.ActiveCfg = Debug|Any CPU
		{7F63490B-66A3-4CC9-B91C-C2A9E67EB062}.Debug|Any CPU.Build.0 = Debug|Any CPU
		{7F63490B-66A3-4CC9-B91C-C2A9E67EB062}.Debug|Mixed Platforms.ActiveCfg = Debug|Any CPU
		{7F63490B-66A3-4CC9-B91C-C2A9E67EB062}.Debug|Mixed Platforms.Build.0 = Debug|Any CPU
		{7F63490B-66A3-4CC9-B91C-C2A9E67EB062}.Debug|Win32.ActiveCfg = Debug|Any CPU
		{7F63490B-66A3-4CC9-B91C-C2A9E67EB062}.Debug|x86.ActiveCfg = Debug|Any CPU
		{7F63490B-66A3-4CC9-B91C-C2A9E67EB062}.Release|Any CPU.ActiveCfg = Release|Any CPU
		{7F63490B-66A3-4CC9-B91C-C2A9E67EB062}.Release|Any CPU.Build.0 = Release|Any CPU
		{7F63490B-66A3-4CC9-B91C-C2A9E67EB062}.Release|Mixed Platforms.ActiveCfg = Release|Any CPU
		{7F63490B-66A3-4CC9-B91C-C2A9E67EB062}.Release|Mixed Platforms.Build.0 = Release|Any CPU
		{7F63490B-66A3-4CC9-B91C-C2A9E67EB062}.Release|Win32.ActiveCfg = Release|Any CPU
		{7F63490B-66A3-4CC9-B91C-C2A9E67EB062}.Release|x86.ActiveCfg = Release|Any CPU
		{92D7F13D-2134-489E-BC6A-3896FEEFC927}.ClientDebug|Any CPU.ActiveCfg = Debug|Any CPU
		{92D7F13D-2134-489E-BC6A-3896FEEFC927}.ClientDebug|Any CPU.Build.0 = Debug|Any CPU
		{92D7F13D-2134-489E-BC6A-3896FEEFC927}.ClientDebug|Mixed Platforms.ActiveCfg = Debug|Any CPU
		{92D7F13D-2134-489E-BC6A-3896FEEFC927}.ClientDebug|Mixed Platforms.Build.0 = Debug|Any CPU
		{92D7F13D-2134-489E-BC6A-3896FEEFC927}.ClientDebug|Win32.ActiveCfg = Debug|Any CPU
		{92D7F13D-2134-489E-BC6A-3896FEEFC927}.ClientDebug|x86.ActiveCfg = Debug|Any CPU
		{92D7F13D-2134-489E-BC6A-3896FEEFC927}.Debug|Any CPU.ActiveCfg = Debug|Any CPU
		{92D7F13D-2134-489E-BC6A-3896FEEFC927}.Debug|Any CPU.Build.0 = Debug|Any CPU
		{92D7F13D-2134-489E-BC6A-3896FEEFC927}.Debug|Mixed Platforms.ActiveCfg = Debug|Any CPU
		{92D7F13D-2134-489E-BC6A-3896FEEFC927}.Debug|Mixed Platforms.Build.0 = Debug|Any CPU
		{92D7F13D-2134-489E-BC6A-3896FEEFC927}.Debug|Win32.ActiveCfg = Debug|Any CPU
		{92D7F13D-2134-489E-BC6A-3896FEEFC927}.Debug|x86.ActiveCfg = Debug|Any CPU
		{92D7F13D-2134-489E-BC6A-3896FEEFC927}.Release|Any CPU.ActiveCfg = Release|Any CPU
		{92D7F13D-2134-489E-BC6A-3896FEEFC927}.Release|Any CPU.Build.0 = Release|Any CPU
		{92D7F13D-2134-489E-BC6A-3896FEEFC927}.Release|Mixed Platforms.ActiveCfg = Release|Any CPU
		{92D7F13D-2134-489E-BC6A-3896FEEFC927}.Release|Mixed Platforms.Build.0 = Release|Any CPU
		{92D7F13D-2134-489E-BC6A-3896FEEFC927}.Release|Win32.ActiveCfg = Release|Any CPU
		{92D7F13D-2134-489E-BC6A-3896FEEFC927}.Release|x86.ActiveCfg = Release|Any CPU
		{0D81F5A9-41A8-4834-913D-580C0677987D}.ClientDebug|Any CPU.ActiveCfg = Debug|x86
		{0D81F5A9-41A8-4834-913D-580C0677987D}.ClientDebug|Mixed Platforms.ActiveCfg = Debug|x86
		{0D81F5A9-41A8-4834-913D-580C0677987D}.ClientDebug|Mixed Platforms.Build.0 = Debug|x86
		{0D81F5A9-41A8-4834-913D-580C0677987D}.ClientDebug|Win32.ActiveCfg = Debug|x86
		{0D81F5A9-41A8-4834-913D-580C0677987D}.ClientDebug|x86.ActiveCfg = Debug|x86
		{0D81F5A9-41A8-4834-913D-580C0677987D}.ClientDebug|x86.Build.0 = Debug|x86
		{0D81F5A9-41A8-4834-913D-580C0677987D}.Debug|Any CPU.ActiveCfg = Debug|x86
		{0D81F5A9-41A8-4834-913D-580C0677987D}.Debug|Mixed Platforms.ActiveCfg = Debug|x86
		{0D81F5A9-41A8-4834-913D-580C0677987D}.Debug|Mixed Platforms.Build.0 = Debug|x86
		{0D81F5A9-41A8-4834-913D-580C0677987D}.Debug|Win32.ActiveCfg = Debug|x86
		{0D81F5A9-41A8-4834-913D-580C0677987D}.Debug|x86.ActiveCfg = Debug|x86
		{0D81F5A9-41A8-4834-913D-580C0677987D}.Debug|x86.Build.0 = Debug|x86
		{0D81F5A9-41A8-4834-913D-580C0677987D}.Release|Any CPU.ActiveCfg = Release|x86
		{0D81F5A9-41A8-4834-913D-580C0677987D}.Release|Mixed Platforms.ActiveCfg = Release|x86
		{0D81F5A9-41A8-4834-913D-580C0677987D}.Release|Mixed Platforms.Build.0 = Release|x86
		{0D81F5A9-41A8-4834-913D-580C0677987D}.Release|Win32.ActiveCfg = Release|x86
		{0D81F5A9-41A8-4834-913D-580C0677987D}.Release|x86.ActiveCfg = Release|x86
		{0D81F5A9-41A8-4834-913D-580C0677987D}.Release|x86.Build.0 = Release|x86
	EndGlobalSection
	GlobalSection(SolutionProperties) = preSolution
		HideSolutionNode = FALSE
	EndGlobalSection
	GlobalSection(NestedProjects) = preSolution
		{7F63490B-66A3-4CC9-B91C-C2A9E67EB062} = {6C9CEA05-265A-4410-AC69-48E5FE773606}
		{795547E6-8681-4087-8F93-4FB4AFEA2174} = {6C9CEA05-265A-4410-AC69-48E5FE773606}
		{92D7F13D-2134-489E-BC6A-3896FEEFC927} = {6C9CEA05-265A-4410-AC69-48E5FE773606}
		{0D81F5A9-41A8-4834-913D-580C0677987D} = {6C9CEA05-265A-4410-AC69-48E5FE773606}
	EndGlobalSection
EndGlobal
